
Microsoft Visual Studio Solution File, Format Version 12.00
# Visual Studio Version 17
VisualStudioVersion = 17.13.35913.81 d17.13
MinimumVisualStudioVersion = 10.0.40219.1
Project("{FAE04EC0-301F-11D3-BF4B-00C04F79EFBC}") = "AsignacionEmpleados", "AsignacionEmpleados\AsignacionEmpleados.csproj", "{484CE5D8-6B2A-427A-A2DE-BB88BFD19392}"
EndProject
Global
	GlobalSection(SolutionConfigurationPlatforms) = preSolution
		Debug|Any CPU = Debug|Any CPU
		Release|Any CPU = Release|Any CPU
	EndGlobalSection
	GlobalSection(ProjectConfigurationPlatforms) = postSolution
		{484CE5D8-6B2A-427A-A2DE-BB88BFD19392}.Debug|Any CPU.ActiveCfg = Debug|Any CPU
		{484CE5D8-6B2A-427A-A2DE-BB88BFD19392}.Debug|Any CPU.Build.0 = Debug|Any CPU
		{484CE5D8-6B2A-427A-A2DE-BB88BFD19392}.Release|Any CPU.ActiveCfg = Release|Any CPU
		{484CE5D8-6B2A-427A-A2DE-BB88BFD19392}.Release|Any CPU.Build.0 = Release|Any CPU
	EndGlobalSection
	GlobalSection(SolutionProperties) = preSolution
		HideSolutionNode = FALSE
	EndGlobalSection
	GlobalSection(ExtensibilityGlobals) = postSolution
		SolutionGuid = {EC13A175-E4CF-4E82-942D-BC836BB13E86}
	EndGlobalSection
EndGlobal
